
Microsoft Visual Studio Solution File, Format Version 12.00
# Visual Studio 15
VisualStudioVersion = 15.0.28010.2003
MinimumVisualStudioVersion = 10.0.40219.1
Project("{FAE04EC0-301F-11D3-BF4B-00C04F79EFBC}") = "MyProject", "MyProject\MyProject.csproj", "{7100399F-6A2A-46BA-B06E-1457DA8C1E12}"
EndProject
Project("{CAA73BB0-EF22-4D79-A57E-DF67B3BA9C80}") = "TDSProject1", "TDSProject1\TDSProject1.scproj", "{41368EA6-8A86-493E-BD3E-EF38432ED2D9}"
EndProject
Project("{CAA73BB0-EF22-4D79-A57E-DF67B3BA9C80}") = "MyProject.TDS.Core", "MyProject.TDS.Core\MyProject.TDS.Core.scproj", "{353B6247-DBC1-4F05-83D8-05A89C39CAF7}"
EndProject
Project("{CAA73BB0-EF22-4D79-A57E-DF67B3BA9C80}") = "MyProject.TDS.Master", "MyProject.TDS.Master\MyProject.TDS.Master.scproj", "{E851FEE9-E0F4-4B94-BD92-01295616C106}"
EndProject
Project("{CAA73BB0-EF22-4D79-A57E-DF67B3BA9C80}") = "MyProject.TDS.Master.Content", "MyProject.TDS.Master.Content\MyProject.TDS.Master.Content.scproj", "{E0FFBF20-836B-4448-9B94-F105A7575BF3}"
EndProject
Project("{CAA73BB0-EF22-4D79-A57E-DF67B3BA9C80}") = "MyProject.TDS.Master.System", "MyProject.TDS.Master.System\MyProject.TDS.Master.System.scproj", "{90A020A3-9CF2-49D9-9CE0-DA12A4D8A7F5}"
EndProject
Project("{FAE04EC0-301F-11D3-BF4B-00C04F79EFBC}") = "MyProject.Domain", "MyProject.Domain\MyProject.Domain.csproj", "{441AB847-6759-4691-B76F-3D2F2C25FC20}"
EndProject
Project("{FAE04EC0-301F-11D3-BF4B-00C04F79EFBC}") = "MyProject.Sc", "MyProject.Sc\MyProject.Sc.csproj", "{F7E62E27-4AD5-47DA-BC19-5AA5DFA6FCD6}"
EndProject
Global
	GlobalSection(SolutionConfigurationPlatforms) = preSolution
		Debug|Any CPU = Debug|Any CPU
		Release|Any CPU = Release|Any CPU
	EndGlobalSection
	GlobalSection(ProjectConfigurationPlatforms) = postSolution
		{7100399F-6A2A-46BA-B06E-1457DA8C1E12}.Debug|Any CPU.ActiveCfg = Debug|Any CPU
		{7100399F-6A2A-46BA-B06E-1457DA8C1E12}.Debug|Any CPU.Build.0 = Debug|Any CPU
		{7100399F-6A2A-46BA-B06E-1457DA8C1E12}.Release|Any CPU.ActiveCfg = Release|Any CPU
		{7100399F-6A2A-46BA-B06E-1457DA8C1E12}.Release|Any CPU.Build.0 = Release|Any CPU
		{41368EA6-8A86-493E-BD3E-EF38432ED2D9}.Debug|Any CPU.ActiveCfg = Debug|Any CPU
		{41368EA6-8A86-493E-BD3E-EF38432ED2D9}.Debug|Any CPU.Build.0 = Debug|Any CPU
		{41368EA6-8A86-493E-BD3E-EF38432ED2D9}.Debug|Any CPU.Deploy.0 = Debug|Any CPU
		{41368EA6-8A86-493E-BD3E-EF38432ED2D9}.Release|Any CPU.ActiveCfg = Release|Any CPU
		{41368EA6-8A86-493E-BD3E-EF38432ED2D9}.Release|Any CPU.Build.0 = Release|Any CPU
		{41368EA6-8A86-493E-BD3E-EF38432ED2D9}.Release|Any CPU.Deploy.0 = Release|Any CPU
		{353B6247-DBC1-4F05-83D8-05A89C39CAF7}.Debug|Any CPU.ActiveCfg = Debug|Any CPU
		{353B6247-DBC1-4F05-83D8-05A89C39CAF7}.Debug|Any CPU.Build.0 = Debug|Any CPU
		{353B6247-DBC1-4F05-83D8-05A89C39CAF7}.Debug|Any CPU.Deploy.0 = Debug|Any CPU
		{353B6247-DBC1-4F05-83D8-05A89C39CAF7}.Release|Any CPU.ActiveCfg = Release|Any CPU
		{353B6247-DBC1-4F05-83D8-05A89C39CAF7}.Release|Any CPU.Build.0 = Release|Any CPU
		{353B6247-DBC1-4F05-83D8-05A89C39CAF7}.Release|Any CPU.Deploy.0 = Release|Any CPU
		{E851FEE9-E0F4-4B94-BD92-01295616C106}.Debug|Any CPU.ActiveCfg = Debug|Any CPU
		{E851FEE9-E0F4-4B94-BD92-01295616C106}.Debug|Any CPU.Build.0 = Debug|Any CPU
		{E851FEE9-E0F4-4B94-BD92-01295616C106}.Debug|Any CPU.Deploy.0 = Debug|Any CPU
		{E851FEE9-E0F4-4B94-BD92-01295616C106}.Release|Any CPU.ActiveCfg = Release|Any CPU
		{E851FEE9-E0F4-4B94-BD92-01295616C106}.Release|Any CPU.Build.0 = Release|Any CPU
		{E851FEE9-E0F4-4B94-BD92-01295616C106}.Release|Any CPU.Deploy.0 = Release|Any CPU
		{E0FFBF20-836B-4448-9B94-F105A7575BF3}.Debug|Any CPU.ActiveCfg = Debug|Any CPU
		{E0FFBF20-836B-4448-9B94-F105A7575BF3}.Debug|Any CPU.Build.0 = Debug|Any CPU
		{E0FFBF20-836B-4448-9B94-F105A7575BF3}.Debug|Any CPU.Deploy.0 = Debug|Any CPU
		{E0FFBF20-836B-4448-9B94-F105A7575BF3}.Release|Any CPU.ActiveCfg = Release|Any CPU
		{E0FFBF20-836B-4448-9B94-F105A7575BF3}.Release|Any CPU.Build.0 = Release|Any CPU
		{E0FFBF20-836B-4448-9B94-F105A7575BF3}.Release|Any CPU.Deploy.0 = Release|Any CPU
		{90A020A3-9CF2-49D9-9CE0-DA12A4D8A7F5}.Debug|Any CPU.ActiveCfg = Debug|Any CPU
		{90A020A3-9CF2-49D9-9CE0-DA12A4D8A7F5}.Debug|Any CPU.Build.0 = Debug|Any CPU
		{90A020A3-9CF2-49D9-9CE0-DA12A4D8A7F5}.Debug|Any CPU.Deploy.0 = Debug|Any CPU
		{90A020A3-9CF2-49D9-9CE0-DA12A4D8A7F5}.Release|Any CPU.ActiveCfg = Release|Any CPU
		{90A020A3-9CF2-49D9-9CE0-DA12A4D8A7F5}.Release|Any CPU.Build.0 = Release|Any CPU
		{90A020A3-9CF2-49D9-9CE0-DA12A4D8A7F5}.Release|Any CPU.Deploy.0 = Release|Any CPU
		{441AB847-6759-4691-B76F-3D2F2C25FC20}.Debug|Any CPU.ActiveCfg = Debug|Any CPU
		{441AB847-6759-4691-B76F-3D2F2C25FC20}.Debug|Any CPU.Build.0 = Debug|Any CPU
		{441AB847-6759-4691-B76F-3D2F2C25FC20}.Release|Any CPU.ActiveCfg = Release|Any CPU
		{441AB847-6759-4691-B76F-3D2F2C25FC20}.Release|Any CPU.Build.0 = Release|Any CPU
		{F7E62E27-4AD5-47DA-BC19-5AA5DFA6FCD6}.Debug|Any CPU.ActiveCfg = Debug|Any CPU
		{F7E62E27-4AD5-47DA-BC19-5AA5DFA6FCD6}.Debug|Any CPU.Build.0 = Debug|Any CPU
		{F7E62E27-4AD5-47DA-BC19-5AA5DFA6FCD6}.Release|Any CPU.ActiveCfg = Release|Any CPU
		{F7E62E27-4AD5-47DA-BC19-5AA5DFA6FCD6}.Release|Any CPU.Build.0 = Release|Any CPU
	EndGlobalSection
	GlobalSection(SolutionProperties) = preSolution
		HideSolutionNode = FALSE
	EndGlobalSection
	GlobalSection(ExtensibilityGlobals) = postSolution
		SolutionGuid = {E911A018-2D35-47DB-9218-94CE74F72A3E}
	EndGlobalSection
EndGlobal
